// !$*UTF8*$!
{
	archiveVersion = 1;
	classes = {
	};
	objectVersion = 48;
	objects = {

/* Begin PBXBuildFile section */
		46ED4E2C3C99198C2C2CE982 /* Pods_ToDoList.framework in Frameworks */ = {isa = PBXBuildFile; fileRef = 0BE09E9A3C0B81CA7B83D1E6 /* Pods_ToDoList.framework */; };
		A11B6BF42035E504004D9C3A /* TaskManipulationConfigurator.swift in Sources */ = {isa = PBXBuildFile; fileRef = A11B6BED2035E504004D9C3A /* TaskManipulationConfigurator.swift */; };
		A11B6BF52035E504004D9C3A /* TaskManipulationInteractor.swift in Sources */ = {isa = PBXBuildFile; fileRef = A11B6BEE2035E504004D9C3A /* TaskManipulationInteractor.swift */; };
		A11B6BF62035E504004D9C3A /* TaskManipulationModels.swift in Sources */ = {isa = PBXBuildFile; fileRef = A11B6BEF2035E504004D9C3A /* TaskManipulationModels.swift */; };
		A11B6BF72035E504004D9C3A /* TaskManipulationPresenter.swift in Sources */ = {isa = PBXBuildFile; fileRef = A11B6BF02035E504004D9C3A /* TaskManipulationPresenter.swift */; };
		A11B6BF82035E504004D9C3A /* TaskManipulationRouter.swift in Sources */ = {isa = PBXBuildFile; fileRef = A11B6BF12035E504004D9C3A /* TaskManipulationRouter.swift */; };
		A11B6BF92035E504004D9C3A /* TaskManipulationViewController.swift in Sources */ = {isa = PBXBuildFile; fileRef = A11B6BF22035E504004D9C3A /* TaskManipulationViewController.swift */; };
		A11B6BFC2035E6EC004D9C3A /* Flow.swift in Sources */ = {isa = PBXBuildFile; fileRef = A11B6BFB2035E6EC004D9C3A /* Flow.swift */; };
		A11B6C002035FCCB004D9C3A /* TaskWorker.swift in Sources */ = {isa = PBXBuildFile; fileRef = A11B6BFF2035FCCB004D9C3A /* TaskWorker.swift */; };
		A11B6C022036015A004D9C3A /* TaskCoreDataStore.swift in Sources */ = {isa = PBXBuildFile; fileRef = A11B6C012036015A004D9C3A /* TaskCoreDataStore.swift */; };
		A126C99E2034A43600BBE225 /* AppDelegate.swift in Sources */ = {isa = PBXBuildFile; fileRef = A126C99D2034A43600BBE225 /* AppDelegate.swift */; };
		A126C9A32034A43600BBE225 /* Main.storyboard in Resources */ = {isa = PBXBuildFile; fileRef = A126C9A12034A43600BBE225 /* Main.storyboard */; };
		A126C9A62034A43600BBE225 /* ToDoList.xcdatamodeld in Sources */ = {isa = PBXBuildFile; fileRef = A126C9A42034A43600BBE225 /* ToDoList.xcdatamodeld */; };
		A126C9A82034A43600BBE225 /* Assets.xcassets in Resources */ = {isa = PBXBuildFile; fileRef = A126C9A72034A43600BBE225 /* Assets.xcassets */; };
		A126C9AB2034A43600BBE225 /* LaunchScreen.storyboard in Resources */ = {isa = PBXBuildFile; fileRef = A126C9A92034A43600BBE225 /* LaunchScreen.storyboard */; };
		A126C9BC2034B08300BBE225 /* ToDoManagerConfigurator.swift in Sources */ = {isa = PBXBuildFile; fileRef = A126C9B52034B08300BBE225 /* ToDoManagerConfigurator.swift */; };
		A126C9BD2034B08300BBE225 /* ToDoManagerInteractor.swift in Sources */ = {isa = PBXBuildFile; fileRef = A126C9B62034B08300BBE225 /* ToDoManagerInteractor.swift */; };
		A126C9BE2034B08300BBE225 /* ToDoManagerModels.swift in Sources */ = {isa = PBXBuildFile; fileRef = A126C9B72034B08300BBE225 /* ToDoManagerModels.swift */; };
		A126C9BF2034B08300BBE225 /* ToDoManagerPresenter.swift in Sources */ = {isa = PBXBuildFile; fileRef = A126C9B82034B08300BBE225 /* ToDoManagerPresenter.swift */; };
		A126C9C02034B08300BBE225 /* ToDoManagerRouter.swift in Sources */ = {isa = PBXBuildFile; fileRef = A126C9B92034B08300BBE225 /* ToDoManagerRouter.swift */; };
		A126C9C12034B08300BBE225 /* ToDoManagerViewController.swift in Sources */ = {isa = PBXBuildFile; fileRef = A126C9BA2034B08300BBE225 /* ToDoManagerViewController.swift */; };
		A126C9C52034B2B900BBE225 /* ToDoTableView.swift in Sources */ = {isa = PBXBuildFile; fileRef = A126C9C42034B2B900BBE225 /* ToDoTableView.swift */; };
		A126C9C82034B98000BBE225 /* ToDoTableViewCell.swift in Sources */ = {isa = PBXBuildFile; fileRef = A126C9C72034B98000BBE225 /* ToDoTableViewCell.swift */; };
		A126C9CA2034B98D00BBE225 /* ToDoTableViewCell.xib in Resources */ = {isa = PBXBuildFile; fileRef = A126C9C92034B98D00BBE225 /* ToDoTableViewCell.xib */; };
		A126C9D02034C15A00BBE225 /* R.generated.swift in Sources */ = {isa = PBXBuildFile; fileRef = A126C9CF2034C15A00BBE225 /* R.generated.swift */; };
		A126C9D32034C61100BBE225 /* Category.swift in Sources */ = {isa = PBXBuildFile; fileRef = A126C9D22034C61100BBE225 /* Category.swift */; };
		A126C9D52034C63E00BBE225 /* Task.swift in Sources */ = {isa = PBXBuildFile; fileRef = A126C9D42034C63E00BBE225 /* Task.swift */; };
		A126C9D82034CD5300BBE225 /* DateFormatter+ToDoList.swift in Sources */ = {isa = PBXBuildFile; fileRef = A126C9D72034CD5300BBE225 /* DateFormatter+ToDoList.swift */; };
		A126C9DA2034CD5D00BBE225 /* Date+ToDoList.swift in Sources */ = {isa = PBXBuildFile; fileRef = A126C9D92034CD5D00BBE225 /* Date+ToDoList.swift */; };
		A126C9DD2034DABA00BBE225 /* AlertBuilder.swift in Sources */ = {isa = PBXBuildFile; fileRef = A126C9DC2034DABA00BBE225 /* AlertBuilder.swift */; };
		A129D3FF2036EC4900032441 /* UIView+ExtraAttributes.swift in Sources */ = {isa = PBXBuildFile; fileRef = A129D3FE2036EC4900032441 /* UIView+ExtraAttributes.swift */; };
		A129D4072036EEAC00032441 /* SettingsConfigurator.swift in Sources */ = {isa = PBXBuildFile; fileRef = A129D4002036EEAC00032441 /* SettingsConfigurator.swift */; };
		A129D4082036EEAC00032441 /* SettingsInteractor.swift in Sources */ = {isa = PBXBuildFile; fileRef = A129D4012036EEAC00032441 /* SettingsInteractor.swift */; };
		A129D4092036EEAC00032441 /* SettingsModels.swift in Sources */ = {isa = PBXBuildFile; fileRef = A129D4022036EEAC00032441 /* SettingsModels.swift */; };
		A129D40A2036EEAC00032441 /* SettingsPresenter.swift in Sources */ = {isa = PBXBuildFile; fileRef = A129D4032036EEAC00032441 /* SettingsPresenter.swift */; };
		A129D40B2036EEAC00032441 /* SettingsRouter.swift in Sources */ = {isa = PBXBuildFile; fileRef = A129D4042036EEAC00032441 /* SettingsRouter.swift */; };
		A129D40C2036EEAC00032441 /* SettingsTableViewController.swift in Sources */ = {isa = PBXBuildFile; fileRef = A129D4052036EEAC00032441 /* SettingsTableViewController.swift */; };
		A129D4112036F61800032441 /* ColorPicker.xib in Resources */ = {isa = PBXBuildFile; fileRef = A129D4102036F61800032441 /* ColorPicker.xib */; };
		A129D4132036F74100032441 /* ColorPicker.swift in Sources */ = {isa = PBXBuildFile; fileRef = A129D4122036F74100032441 /* ColorPicker.swift */; };
		A129D4152036F9F000032441 /* UIColor+ToDoList.swift in Sources */ = {isa = PBXBuildFile; fileRef = A129D4142036F9F000032441 /* UIColor+ToDoList.swift */; };
		A129D41720370CEA00032441 /* CategoryWorker.swift in Sources */ = {isa = PBXBuildFile; fileRef = A129D41620370CEA00032441 /* CategoryWorker.swift */; };
		A129D41920370D3E00032441 /* CategoryCoreDataStore.swift in Sources */ = {isa = PBXBuildFile; fileRef = A129D41820370D3E00032441 /* CategoryCoreDataStore.swift */; };
/* End PBXBuildFile section */

/* Begin PBXFileReference section */
		0BE09E9A3C0B81CA7B83D1E6 /* Pods_ToDoList.framework */ = {isa = PBXFileReference; explicitFileType = wrapper.framework; includeInIndex = 0; path = Pods_ToDoList.framework; sourceTree = BUILT_PRODUCTS_DIR; };
		38F774C642D51C01C7CD5B4E /* Pods-ToDoList.debug.xcconfig */ = {isa = PBXFileReference; includeInIndex = 1; lastKnownFileType = text.xcconfig; name = "Pods-ToDoList.debug.xcconfig"; path = "Pods/Target Support Files/Pods-ToDoList/Pods-ToDoList.debug.xcconfig"; sourceTree = "<group>"; };
		929B9365917FCB541648DDBA /* Pods-ToDoList.release.xcconfig */ = {isa = PBXFileReference; includeInIndex = 1; lastKnownFileType = text.xcconfig; name = "Pods-ToDoList.release.xcconfig"; path = "Pods/Target Support Files/Pods-ToDoList/Pods-ToDoList.release.xcconfig"; sourceTree = "<group>"; };
		A11B6BED2035E504004D9C3A /* TaskManipulationConfigurator.swift */ = {isa = PBXFileReference; lastKnownFileType = sourcecode.swift; path = TaskManipulationConfigurator.swift; sourceTree = "<group>"; };
		A11B6BEE2035E504004D9C3A /* TaskManipulationInteractor.swift */ = {isa = PBXFileReference; lastKnownFileType = sourcecode.swift; path = TaskManipulationInteractor.swift; sourceTree = "<group>"; };
		A11B6BEF2035E504004D9C3A /* TaskManipulationModels.swift */ = {isa = PBXFileReference; lastKnownFileType = sourcecode.swift; path = TaskManipulationModels.swift; sourceTree = "<group>"; };
		A11B6BF02035E504004D9C3A /* TaskManipulationPresenter.swift */ = {isa = PBXFileReference; lastKnownFileType = sourcecode.swift; path = TaskManipulationPresenter.swift; sourceTree = "<group>"; };
		A11B6BF12035E504004D9C3A /* TaskManipulationRouter.swift */ = {isa = PBXFileReference; lastKnownFileType = sourcecode.swift; path = TaskManipulationRouter.swift; sourceTree = "<group>"; };
		A11B6BF22035E504004D9C3A /* TaskManipulationViewController.swift */ = {isa = PBXFileReference; lastKnownFileType = sourcecode.swift; path = TaskManipulationViewController.swift; sourceTree = "<group>"; };
		A11B6BFB2035E6EC004D9C3A /* Flow.swift */ = {isa = PBXFileReference; lastKnownFileType = sourcecode.swift; path = Flow.swift; sourceTree = "<group>"; };
		A11B6BFF2035FCCB004D9C3A /* TaskWorker.swift */ = {isa = PBXFileReference; lastKnownFileType = sourcecode.swift; path = TaskWorker.swift; sourceTree = "<group>"; };
		A11B6C012036015A004D9C3A /* TaskCoreDataStore.swift */ = {isa = PBXFileReference; lastKnownFileType = sourcecode.swift; path = TaskCoreDataStore.swift; sourceTree = "<group>"; };
		A126C99A2034A43600BBE225 /* ToDoList.app */ = {isa = PBXFileReference; explicitFileType = wrapper.application; includeInIndex = 0; path = ToDoList.app; sourceTree = BUILT_PRODUCTS_DIR; };
		A126C99D2034A43600BBE225 /* AppDelegate.swift */ = {isa = PBXFileReference; lastKnownFileType = sourcecode.swift; path = AppDelegate.swift; sourceTree = "<group>"; };
		A126C9A22034A43600BBE225 /* Base */ = {isa = PBXFileReference; lastKnownFileType = file.storyboard; name = Base; path = Base.lproj/Main.storyboard; sourceTree = "<group>"; };
		A126C9A52034A43600BBE225 /* ToDoList.xcdatamodel */ = {isa = PBXFileReference; lastKnownFileType = wrapper.xcdatamodel; path = ToDoList.xcdatamodel; sourceTree = "<group>"; };
		A126C9A72034A43600BBE225 /* Assets.xcassets */ = {isa = PBXFileReference; lastKnownFileType = folder.assetcatalog; path = Assets.xcassets; sourceTree = "<group>"; };
		A126C9AA2034A43600BBE225 /* Base */ = {isa = PBXFileReference; lastKnownFileType = file.storyboard; name = Base; path = Base.lproj/LaunchScreen.storyboard; sourceTree = "<group>"; };
		A126C9AC2034A43600BBE225 /* Info.plist */ = {isa = PBXFileReference; lastKnownFileType = text.plist.xml; path = Info.plist; sourceTree = "<group>"; };
		A126C9B52034B08300BBE225 /* ToDoManagerConfigurator.swift */ = {isa = PBXFileReference; lastKnownFileType = sourcecode.swift; path = ToDoManagerConfigurator.swift; sourceTree = "<group>"; };
		A126C9B62034B08300BBE225 /* ToDoManagerInteractor.swift */ = {isa = PBXFileReference; lastKnownFileType = sourcecode.swift; path = ToDoManagerInteractor.swift; sourceTree = "<group>"; };
		A126C9B72034B08300BBE225 /* ToDoManagerModels.swift */ = {isa = PBXFileReference; lastKnownFileType = sourcecode.swift; path = ToDoManagerModels.swift; sourceTree = "<group>"; };
		A126C9B82034B08300BBE225 /* ToDoManagerPresenter.swift */ = {isa = PBXFileReference; lastKnownFileType = sourcecode.swift; path = ToDoManagerPresenter.swift; sourceTree = "<group>"; };
		A126C9B92034B08300BBE225 /* ToDoManagerRouter.swift */ = {isa = PBXFileReference; lastKnownFileType = sourcecode.swift; path = ToDoManagerRouter.swift; sourceTree = "<group>"; };
		A126C9BA2034B08300BBE225 /* ToDoManagerViewController.swift */ = {isa = PBXFileReference; lastKnownFileType = sourcecode.swift; path = ToDoManagerViewController.swift; sourceTree = "<group>"; };
		A126C9C42034B2B900BBE225 /* ToDoTableView.swift */ = {isa = PBXFileReference; lastKnownFileType = sourcecode.swift; path = ToDoTableView.swift; sourceTree = "<group>"; };
		A126C9C72034B98000BBE225 /* ToDoTableViewCell.swift */ = {isa = PBXFileReference; lastKnownFileType = sourcecode.swift; path = ToDoTableViewCell.swift; sourceTree = "<group>"; };
		A126C9C92034B98D00BBE225 /* ToDoTableViewCell.xib */ = {isa = PBXFileReference; lastKnownFileType = file.xib; path = ToDoTableViewCell.xib; sourceTree = "<group>"; };
		A126C9CF2034C15A00BBE225 /* R.generated.swift */ = {isa = PBXFileReference; fileEncoding = 4; lastKnownFileType = sourcecode.swift; path = R.generated.swift; sourceTree = SOURCE_ROOT; };
		A126C9D22034C61100BBE225 /* Category.swift */ = {isa = PBXFileReference; lastKnownFileType = sourcecode.swift; path = Category.swift; sourceTree = "<group>"; };
		A126C9D42034C63E00BBE225 /* Task.swift */ = {isa = PBXFileReference; lastKnownFileType = sourcecode.swift; path = Task.swift; sourceTree = "<group>"; };
		A126C9D72034CD5300BBE225 /* DateFormatter+ToDoList.swift */ = {isa = PBXFileReference; lastKnownFileType = sourcecode.swift; path = "DateFormatter+ToDoList.swift"; sourceTree = "<group>"; };
		A126C9D92034CD5D00BBE225 /* Date+ToDoList.swift */ = {isa = PBXFileReference; lastKnownFileType = sourcecode.swift; path = "Date+ToDoList.swift"; sourceTree = "<group>"; };
		A126C9DC2034DABA00BBE225 /* AlertBuilder.swift */ = {isa = PBXFileReference; lastKnownFileType = sourcecode.swift; path = AlertBuilder.swift; sourceTree = "<group>"; };
		A129D3FE2036EC4900032441 /* UIView+ExtraAttributes.swift */ = {isa = PBXFileReference; lastKnownFileType = sourcecode.swift; path = "UIView+ExtraAttributes.swift"; sourceTree = "<group>"; };
		A129D4002036EEAC00032441 /* SettingsConfigurator.swift */ = {isa = PBXFileReference; lastKnownFileType = sourcecode.swift; path = SettingsConfigurator.swift; sourceTree = "<group>"; };
		A129D4012036EEAC00032441 /* SettingsInteractor.swift */ = {isa = PBXFileReference; lastKnownFileType = sourcecode.swift; path = SettingsInteractor.swift; sourceTree = "<group>"; };
		A129D4022036EEAC00032441 /* SettingsModels.swift */ = {isa = PBXFileReference; lastKnownFileType = sourcecode.swift; path = SettingsModels.swift; sourceTree = "<group>"; };
		A129D4032036EEAC00032441 /* SettingsPresenter.swift */ = {isa = PBXFileReference; lastKnownFileType = sourcecode.swift; path = SettingsPresenter.swift; sourceTree = "<group>"; };
		A129D4042036EEAC00032441 /* SettingsRouter.swift */ = {isa = PBXFileReference; lastKnownFileType = sourcecode.swift; path = SettingsRouter.swift; sourceTree = "<group>"; };
		A129D4052036EEAC00032441 /* SettingsTableViewController.swift */ = {isa = PBXFileReference; lastKnownFileType = sourcecode.swift; path = SettingsTableViewController.swift; sourceTree = "<group>"; };
		A129D4102036F61800032441 /* ColorPicker.xib */ = {isa = PBXFileReference; lastKnownFileType = file.xib; path = ColorPicker.xib; sourceTree = "<group>"; };
		A129D4122036F74100032441 /* ColorPicker.swift */ = {isa = PBXFileReference; lastKnownFileType = sourcecode.swift; path = ColorPicker.swift; sourceTree = "<group>"; };
		A129D4142036F9F000032441 /* UIColor+ToDoList.swift */ = {isa = PBXFileReference; lastKnownFileType = sourcecode.swift; path = "UIColor+ToDoList.swift"; sourceTree = "<group>"; };
		A129D41620370CEA00032441 /* CategoryWorker.swift */ = {isa = PBXFileReference; lastKnownFileType = sourcecode.swift; path = CategoryWorker.swift; sourceTree = "<group>"; };
		A129D41820370D3E00032441 /* CategoryCoreDataStore.swift */ = {isa = PBXFileReference; lastKnownFileType = sourcecode.swift; path = CategoryCoreDataStore.swift; sourceTree = "<group>"; };
/* End PBXFileReference section */

/* Begin PBXFrameworksBuildPhase section */
		A126C9972034A43600BBE225 /* Frameworks */ = {
			isa = PBXFrameworksBuildPhase;
			buildActionMask = 2147483647;
			files = (
				46ED4E2C3C99198C2C2CE982 /* Pods_ToDoList.framework in Frameworks */,
			);
			runOnlyForDeploymentPostprocessing = 0;
		};
/* End PBXFrameworksBuildPhase section */

/* Begin PBXGroup section */
		55F5BAA6C5FBCE7399603ABD /* Frameworks */ = {
			isa = PBXGroup;
			children = (
				0BE09E9A3C0B81CA7B83D1E6 /* Pods_ToDoList.framework */,
			);
			name = Frameworks;
			sourceTree = "<group>";
		};
		994142C36029C53CEB410C65 /* Pods */ = {
			isa = PBXGroup;
			children = (
				38F774C642D51C01C7CD5B4E /* Pods-ToDoList.debug.xcconfig */,
				929B9365917FCB541648DDBA /* Pods-ToDoList.release.xcconfig */,
			);
			name = Pods;
			sourceTree = "<group>";
		};
		A11B6BEC2035E4D8004D9C3A /* Task Manipulation */ = {
			isa = PBXGroup;
			children = (
				A11B6BF22035E504004D9C3A /* TaskManipulationViewController.swift */,
				A11B6BEE2035E504004D9C3A /* TaskManipulationInteractor.swift */,
				A11B6BF02035E504004D9C3A /* TaskManipulationPresenter.swift */,
				A11B6BED2035E504004D9C3A /* TaskManipulationConfigurator.swift */,
				A11B6BEF2035E504004D9C3A /* TaskManipulationModels.swift */,
				A11B6BF12035E504004D9C3A /* TaskManipulationRouter.swift */,
			);
			path = "Task Manipulation";
			sourceTree = "<group>";
		};
		A11B6BFD2035FC91004D9C3A /* Worker */ = {
			isa = PBXGroup;
			children = (
				A11B6BFF2035FCCB004D9C3A /* TaskWorker.swift */,
				A129D41620370CEA00032441 /* CategoryWorker.swift */,
			);
			path = Worker;
			sourceTree = "<group>";
		};
		A11B6BFE2035FC97004D9C3A /* Store */ = {
			isa = PBXGroup;
			children = (
				A11B6C012036015A004D9C3A /* TaskCoreDataStore.swift */,
				A129D41820370D3E00032441 /* CategoryCoreDataStore.swift */,
			);
			path = Store;
			sourceTree = "<group>";
		};
		A11B6C0320362518004D9C3A /* Settings */ = {
			isa = PBXGroup;
			children = (
				A129D4052036EEAC00032441 /* SettingsTableViewController.swift */,
				A129D4012036EEAC00032441 /* SettingsInteractor.swift */,
				A129D4032036EEAC00032441 /* SettingsPresenter.swift */,
				A129D4002036EEAC00032441 /* SettingsConfigurator.swift */,
				A129D4022036EEAC00032441 /* SettingsModels.swift */,
				A129D4042036EEAC00032441 /* SettingsRouter.swift */,
			);
			path = Settings;
			sourceTree = "<group>";
		};
		A126C9912034A43600BBE225 = {
			isa = PBXGroup;
			children = (
				A126C99C2034A43600BBE225 /* ToDoList */,
				A126C99B2034A43600BBE225 /* Products */,
				994142C36029C53CEB410C65 /* Pods */,
				55F5BAA6C5FBCE7399603ABD /* Frameworks */,
			);
			sourceTree = "<group>";
		};
		A126C99B2034A43600BBE225 /* Products */ = {
			isa = PBXGroup;
			children = (
				A126C99A2034A43600BBE225 /* ToDoList.app */,
			);
			name = Products;
			sourceTree = "<group>";
		};
		A126C99C2034A43600BBE225 /* ToDoList */ = {
			isa = PBXGroup;
			children = (
				A11B6BFE2035FC97004D9C3A /* Store */,
				A11B6BFD2035FC91004D9C3A /* Worker */,
				A126C9B22034A4C800BBE225 /* Scenes */,
				A126C9D12034C60100BBE225 /* Models */,
				A126C9CB2034BCAA00BBE225 /* Configuration */,
				A126C9D62034CD3300BBE225 /* Extensions */,
				A126C9DB2034DAA500BBE225 /* Components */,
				A126C9B32034A5B400BBE225 /* Support Files */,
				A126C9A42034A43600BBE225 /* ToDoList.xcdatamodeld */,
			);
			path = ToDoList;
			sourceTree = "<group>";
		};
		A126C9B22034A4C800BBE225 /* Scenes */ = {
			isa = PBXGroup;
			children = (
				A126C9B42034B03F00BBE225 /* ToDo Manager */,
				A11B6BEC2035E4D8004D9C3A /* Task Manipulation */,
				A11B6C0320362518004D9C3A /* Settings */,
				A126C9A12034A43600BBE225 /* Main.storyboard */,
			);
			path = Scenes;
			sourceTree = "<group>";
		};
		A126C9B32034A5B400BBE225 /* Support Files */ = {
			isa = PBXGroup;
			children = (
				A126C9CF2034C15A00BBE225 /* R.generated.swift */,
				A126C9A92034A43600BBE225 /* LaunchScreen.storyboard */,
				A126C9AC2034A43600BBE225 /* Info.plist */,
				A126C99D2034A43600BBE225 /* AppDelegate.swift */,
				A126C9A72034A43600BBE225 /* Assets.xcassets */,
			);
			path = "Support Files";
			sourceTree = "<group>";
		};
		A126C9B42034B03F00BBE225 /* ToDo Manager */ = {
			isa = PBXGroup;
			children = (
				A126C9C32034B16A00BBE225 /* TableView */,
				A126C9BA2034B08300BBE225 /* ToDoManagerViewController.swift */,
				A126C9B62034B08300BBE225 /* ToDoManagerInteractor.swift */,
				A126C9B82034B08300BBE225 /* ToDoManagerPresenter.swift */,
				A126C9B52034B08300BBE225 /* ToDoManagerConfigurator.swift */,
				A126C9B72034B08300BBE225 /* ToDoManagerModels.swift */,
				A126C9B92034B08300BBE225 /* ToDoManagerRouter.swift */,
			);
			path = "ToDo Manager";
			sourceTree = "<group>";
		};
		A126C9C32034B16A00BBE225 /* TableView */ = {
			isa = PBXGroup;
			children = (
				A126C9C62034B96F00BBE225 /* Cell */,
				A126C9C42034B2B900BBE225 /* ToDoTableView.swift */,
			);
			path = TableView;
			sourceTree = "<group>";
		};
		A126C9C62034B96F00BBE225 /* Cell */ = {
			isa = PBXGroup;
			children = (
				A126C9C92034B98D00BBE225 /* ToDoTableViewCell.xib */,
				A126C9C72034B98000BBE225 /* ToDoTableViewCell.swift */,
			);
			path = Cell;
			sourceTree = "<group>";
		};
		A126C9CB2034BCAA00BBE225 /* Configuration */ = {
			isa = PBXGroup;
			children = (
				A11B6BFB2035E6EC004D9C3A /* Flow.swift */,
			);
			path = Configuration;
			sourceTree = "<group>";
		};
		A126C9D12034C60100BBE225 /* Models */ = {
			isa = PBXGroup;
			children = (
				A126C9D22034C61100BBE225 /* Category.swift */,
				A126C9D42034C63E00BBE225 /* Task.swift */,
			);
			path = Models;
			sourceTree = "<group>";
		};
		A126C9D62034CD3300BBE225 /* Extensions */ = {
			isa = PBXGroup;
			children = (
				A126C9D92034CD5D00BBE225 /* Date+ToDoList.swift */,
				A126C9D72034CD5300BBE225 /* DateFormatter+ToDoList.swift */,
				A129D4142036F9F000032441 /* UIColor+ToDoList.swift */,
				A129D3FE2036EC4900032441 /* UIView+ExtraAttributes.swift */,
			);
			path = Extensions;
			sourceTree = "<group>";
		};
		A126C9DB2034DAA500BBE225 /* Components */ = {
			isa = PBXGroup;
			children = (
				A129D40F2036F5FE00032441 /* Color Picker */,
				A129D40E2036F5F800032441 /* Alert */,
			);
			path = Components;
			sourceTree = "<group>";
		};
		A129D40E2036F5F800032441 /* Alert */ = {
			isa = PBXGroup;
			children = (
				A126C9DC2034DABA00BBE225 /* AlertBuilder.swift */,
			);
			path = Alert;
			sourceTree = "<group>";
		};
		A129D40F2036F5FE00032441 /* Color Picker */ = {
			isa = PBXGroup;
			children = (
				A129D4102036F61800032441 /* ColorPicker.xib */,
				A129D4122036F74100032441 /* ColorPicker.swift */,
			);
			path = "Color Picker";
			sourceTree = "<group>";
		};
/* End PBXGroup section */

/* Begin PBXNativeTarget section */
		A126C9992034A43600BBE225 /* ToDoList */ = {
			isa = PBXNativeTarget;
			buildConfigurationList = A126C9AF2034A43600BBE225 /* Build configuration list for PBXNativeTarget "ToDoList" */;
			buildPhases = (
				E1AE2657A30088732089B3F6 /* [CP] Check Pods Manifest.lock */,
				A126C9CE2034C0A300BBE225 /* ShellScript */,
				A126C9962034A43600BBE225 /* Sources */,
				A126C9972034A43600BBE225 /* Frameworks */,
				A126C9982034A43600BBE225 /* Resources */,
				B4BCB6480FE3A4523AB2FD43 /* [CP] Embed Pods Frameworks */,
				AF0CAD72F2CAFAC9EB4ED34F /* [CP] Copy Pods Resources */,
			);
			buildRules = (
			);
			dependencies = (
			);
			name = ToDoList;
			productName = ToDoList;
			productReference = A126C99A2034A43600BBE225 /* ToDoList.app */;
			productType = "com.apple.product-type.application";
		};
/* End PBXNativeTarget section */

/* Begin PBXProject section */
		A126C9922034A43600BBE225 /* Project object */ = {
			isa = PBXProject;
			attributes = {
				LastSwiftUpdateCheck = 0920;
				LastUpgradeCheck = 0920;
				ORGANIZATIONNAME = "Vinicius Romani";
				TargetAttributes = {
					A126C9992034A43600BBE225 = {
						CreatedOnToolsVersion = 9.2;
						ProvisioningStyle = Automatic;
					};
				};
			};
			buildConfigurationList = A126C9952034A43600BBE225 /* Build configuration list for PBXProject "ToDoList" */;
			compatibilityVersion = "Xcode 8.0";
			developmentRegion = en;
			hasScannedForEncodings = 0;
			knownRegions = (
				en,
				Base,
			);
			mainGroup = A126C9912034A43600BBE225;
			productRefGroup = A126C99B2034A43600BBE225 /* Products */;
			projectDirPath = "";
			projectRoot = "";
			targets = (
				A126C9992034A43600BBE225 /* ToDoList */,
			);
		};
/* End PBXProject section */

/* Begin PBXResourcesBuildPhase section */
		A126C9982034A43600BBE225 /* Resources */ = {
			isa = PBXResourcesBuildPhase;
			buildActionMask = 2147483647;
			files = (
				A126C9AB2034A43600BBE225 /* LaunchScreen.storyboard in Resources */,
				A126C9A82034A43600BBE225 /* Assets.xcassets in Resources */,
				A126C9A32034A43600BBE225 /* Main.storyboard in Resources */,
				A129D4112036F61800032441 /* ColorPicker.xib in Resources */,
				A126C9CA2034B98D00BBE225 /* ToDoTableViewCell.xib in Resources */,
			);
			runOnlyForDeploymentPostprocessing = 0;
		};
/* End PBXResourcesBuildPhase section */

/* Begin PBXShellScriptBuildPhase section */
		A126C9CE2034C0A300BBE225 /* ShellScript */ = {
			isa = PBXShellScriptBuildPhase;
			buildActionMask = 2147483647;
			files = (
			);
			inputPaths = (
			);
			outputPaths = (
			);
			runOnlyForDeploymentPostprocessing = 0;
			shellPath = /bin/sh;
			shellScript = "\"$PODS_ROOT/R.swift/rswift\" generate \"$SRCROOT\"";
		};
		AF0CAD72F2CAFAC9EB4ED34F /* [CP] Copy Pods Resources */ = {
			isa = PBXShellScriptBuildPhase;
			buildActionMask = 2147483647;
			files = (
			);
			inputPaths = (
			);
			name = "[CP] Copy Pods Resources";
			outputPaths = (
			);
			runOnlyForDeploymentPostprocessing = 0;
			shellPath = /bin/sh;
			shellScript = "\"${SRCROOT}/Pods/Target Support Files/Pods-ToDoList/Pods-ToDoList-resources.sh\"\n";
			showEnvVarsInLog = 0;
		};
		B4BCB6480FE3A4523AB2FD43 /* [CP] Embed Pods Frameworks */ = {
			isa = PBXShellScriptBuildPhase;
			buildActionMask = 2147483647;
			files = (
			);
			inputPaths = (
				"${SRCROOT}/Pods/Target Support Files/Pods-ToDoList/Pods-ToDoList-frameworks.sh",
				"${BUILT_PRODUCTS_DIR}/R.swift.Library/Rswift.framework",
			);
			name = "[CP] Embed Pods Frameworks";
			outputPaths = (
				"${TARGET_BUILD_DIR}/${FRAMEWORKS_FOLDER_PATH}/Rswift.framework",
			);
			runOnlyForDeploymentPostprocessing = 0;
			shellPath = /bin/sh;
			shellScript = "\"${SRCROOT}/Pods/Target Support Files/Pods-ToDoList/Pods-ToDoList-frameworks.sh\"\n";
			showEnvVarsInLog = 0;
		};
		E1AE2657A30088732089B3F6 /* [CP] Check Pods Manifest.lock */ = {
			isa = PBXShellScriptBuildPhase;
			buildActionMask = 2147483647;
			files = (
			);
			inputPaths = (
				"${PODS_PODFILE_DIR_PATH}/Podfile.lock",
				"${PODS_ROOT}/Manifest.lock",
			);
			name = "[CP] Check Pods Manifest.lock";
			outputPaths = (
				"$(DERIVED_FILE_DIR)/Pods-ToDoList-checkManifestLockResult.txt",
			);
			runOnlyForDeploymentPostprocessing = 0;
			shellPath = /bin/sh;
			shellScript = "diff \"${PODS_PODFILE_DIR_PATH}/Podfile.lock\" \"${PODS_ROOT}/Manifest.lock\" > /dev/null\nif [ $? != 0 ] ; then\n    # print error to STDERR\n    echo \"error: The sandbox is not in sync with the Podfile.lock. Run 'pod install' or update your CocoaPods installation.\" >&2\n    exit 1\nfi\n# This output is used by Xcode 'outputs' to avoid re-running this script phase.\necho \"SUCCESS\" > \"${SCRIPT_OUTPUT_FILE_0}\"\n";
			showEnvVarsInLog = 0;
		};
/* End PBXShellScriptBuildPhase section */

/* Begin PBXSourcesBuildPhase section */
		A126C9962034A43600BBE225 /* Sources */ = {
			isa = PBXSourcesBuildPhase;
			buildActionMask = 2147483647;
			files = (
				A129D41920370D3E00032441 /* CategoryCoreDataStore.swift in Sources */,
				A11B6C002035FCCB004D9C3A /* TaskWorker.swift in Sources */,
				A126C9C52034B2B900BBE225 /* ToDoTableView.swift in Sources */,
				A129D4092036EEAC00032441 /* SettingsModels.swift in Sources */,
				A126C9A62034A43600BBE225 /* ToDoList.xcdatamodeld in Sources */,
				A129D4082036EEAC00032441 /* SettingsInteractor.swift in Sources */,
				A129D4072036EEAC00032441 /* SettingsConfigurator.swift in Sources */,
				A126C9C02034B08300BBE225 /* ToDoManagerRouter.swift in Sources */,
				A129D40C2036EEAC00032441 /* SettingsTableViewController.swift in Sources */,
				A126C9C12034B08300BBE225 /* ToDoManagerViewController.swift in Sources */,
				A126C9BC2034B08300BBE225 /* ToDoManagerConfigurator.swift in Sources */,
				A129D3FF2036EC4900032441 /* UIView+ExtraAttributes.swift in Sources */,
				A129D4152036F9F000032441 /* UIColor+ToDoList.swift in Sources */,
				A126C9BD2034B08300BBE225 /* ToDoManagerInteractor.swift in Sources */,
				A129D40B2036EEAC00032441 /* SettingsRouter.swift in Sources */,
				A11B6BF72035E504004D9C3A /* TaskManipulationPresenter.swift in Sources */,
				A11B6BF82035E504004D9C3A /* TaskManipulationRouter.swift in Sources */,
				A126C9BE2034B08300BBE225 /* ToDoManagerModels.swift in Sources */,
				A11B6BF42035E504004D9C3A /* TaskManipulationConfigurator.swift in Sources */,
				A11B6BF92035E504004D9C3A /* TaskManipulationViewController.swift in Sources */,
				A126C9BF2034B08300BBE225 /* ToDoManagerPresenter.swift in Sources */,
				A11B6BF62035E504004D9C3A /* TaskManipulationModels.swift in Sources */,
				A129D41720370CEA00032441 /* CategoryWorker.swift in Sources */,
				A126C9DA2034CD5D00BBE225 /* Date+ToDoList.swift in Sources */,
				A11B6C022036015A004D9C3A /* TaskCoreDataStore.swift in Sources */,
				A126C9D52034C63E00BBE225 /* Task.swift in Sources */,
				A126C99E2034A43600BBE225 /* AppDelegate.swift in Sources */,
				A126C9D82034CD5300BBE225 /* DateFormatter+ToDoList.swift in Sources */,
				A126C9DD2034DABA00BBE225 /* AlertBuilder.swift in Sources */,
				A129D4132036F74100032441 /* ColorPicker.swift in Sources */,
				A126C9D02034C15A00BBE225 /* R.generated.swift in Sources */,
				A126C9C82034B98000BBE225 /* ToDoTableViewCell.swift in Sources */,
				A11B6BF52035E504004D9C3A /* TaskManipulationInteractor.swift in Sources */,
				A126C9D32034C61100BBE225 /* Category.swift in Sources */,
				A11B6BFC2035E6EC004D9C3A /* Flow.swift in Sources */,
				A129D40A2036EEAC00032441 /* SettingsPresenter.swift in Sources */,
			);
			runOnlyForDeploymentPostprocessing = 0;
		};
/* End PBXSourcesBuildPhase section */

/* Begin PBXVariantGroup section */
		A126C9A12034A43600BBE225 /* Main.storyboard */ = {
			isa = PBXVariantGroup;
			children = (
				A126C9A22034A43600BBE225 /* Base */,
			);
			name = Main.storyboard;
			sourceTree = "<group>";
		};
		A126C9A92034A43600BBE225 /* LaunchScreen.storyboard */ = {
			isa = PBXVariantGroup;
			children = (
				A126C9AA2034A43600BBE225 /* Base */,
			);
			name = LaunchScreen.storyboard;
			sourceTree = "<group>";
		};
/* End PBXVariantGroup section */

/* Begin XCBuildConfiguration section */
		A126C9AD2034A43600BBE225 /* Debug */ = {
			isa = XCBuildConfiguration;
			buildSettings = {
				ALWAYS_SEARCH_USER_PATHS = NO;
				CLANG_ANALYZER_NONNULL = YES;
				CLANG_ANALYZER_NUMBER_OBJECT_CONVERSION = YES_AGGRESSIVE;
				CLANG_CXX_LANGUAGE_STANDARD = "gnu++14";
				CLANG_CXX_LIBRARY = "libc++";
				CLANG_ENABLE_MODULES = YES;
				CLANG_ENABLE_OBJC_ARC = YES;
				CLANG_WARN_BLOCK_CAPTURE_AUTORELEASING = YES;
				CLANG_WARN_BOOL_CONVERSION = YES;
				CLANG_WARN_COMMA = YES;
				CLANG_WARN_CONSTANT_CONVERSION = YES;
				CLANG_WARN_DIRECT_OBJC_ISA_USAGE = YES_ERROR;
				CLANG_WARN_DOCUMENTATION_COMMENTS = YES;
				CLANG_WARN_EMPTY_BODY = YES;
				CLANG_WARN_ENUM_CONVERSION = YES;
				CLANG_WARN_INFINITE_RECURSION = YES;
				CLANG_WARN_INT_CONVERSION = YES;
				CLANG_WARN_NON_LITERAL_NULL_CONVERSION = YES;
				CLANG_WARN_OBJC_LITERAL_CONVERSION = YES;
				CLANG_WARN_OBJC_ROOT_CLASS = YES_ERROR;
				CLANG_WARN_RANGE_LOOP_ANALYSIS = YES;
				CLANG_WARN_STRICT_PROTOTYPES = YES;
				CLANG_WARN_SUSPICIOUS_MOVE = YES;
				CLANG_WARN_UNGUARDED_AVAILABILITY = YES_AGGRESSIVE;
				CLANG_WARN_UNREACHABLE_CODE = YES;
				CLANG_WARN__DUPLICATE_METHOD_MATCH = YES;
				CODE_SIGN_IDENTITY = "iPhone Developer";
				COPY_PHASE_STRIP = NO;
				DEBUG_INFORMATION_FORMAT = dwarf;
				ENABLE_STRICT_OBJC_MSGSEND = YES;
				ENABLE_TESTABILITY = YES;
				GCC_C_LANGUAGE_STANDARD = gnu11;
				GCC_DYNAMIC_NO_PIC = NO;
				GCC_NO_COMMON_BLOCKS = YES;
				GCC_OPTIMIZATION_LEVEL = 0;
				GCC_PREPROCESSOR_DEFINITIONS = (
					"DEBUG=1",
					"$(inherited)",
				);
				GCC_WARN_64_TO_32_BIT_CONVERSION = YES;
				GCC_WARN_ABOUT_RETURN_TYPE = YES_ERROR;
				GCC_WARN_UNDECLARED_SELECTOR = YES;
				GCC_WARN_UNINITIALIZED_AUTOS = YES_AGGRESSIVE;
				GCC_WARN_UNUSED_FUNCTION = YES;
				GCC_WARN_UNUSED_VARIABLE = YES;
				IPHONEOS_DEPLOYMENT_TARGET = 11.2;
				MTL_ENABLE_DEBUG_INFO = YES;
				ONLY_ACTIVE_ARCH = YES;
				SDKROOT = iphoneos;
				SWIFT_ACTIVE_COMPILATION_CONDITIONS = DEBUG;
				SWIFT_OPTIMIZATION_LEVEL = "-Onone";
			};
			name = Debug;
		};
		A126C9AE2034A43600BBE225 /* Release */ = {
			isa = XCBuildConfiguration;
			buildSettings = {
				ALWAYS_SEARCH_USER_PATHS = NO;
				CLANG_ANALYZER_NONNULL = YES;
				CLANG_ANALYZER_NUMBER_OBJECT_CONVERSION = YES_AGGRESSIVE;
				CLANG_CXX_LANGUAGE_STANDARD = "gnu++14";
				CLANG_CXX_LIBRARY = "libc++";
				CLANG_ENABLE_MODULES = YES;
				CLANG_ENABLE_OBJC_ARC = YES;
				CLANG_WARN_BLOCK_CAPTURE_AUTORELEASING = YES;
				CLANG_WARN_BOOL_CONVERSION = YES;
				CLANG_WARN_COMMA = YES;
				CLANG_WARN_CONSTANT_CONVERSION = YES;
				CLANG_WARN_DIRECT_OBJC_ISA_USAGE = YES_ERROR;
				CLANG_WARN_DOCUMENTATION_COMMENTS = YES;
				CLANG_WARN_EMPTY_BODY = YES;
				CLANG_WARN_ENUM_CONVERSION = YES;
				CLANG_WARN_INFINITE_RECURSION = YES;
				CLANG_WARN_INT_CONVERSION = YES;
				CLANG_WARN_NON_LITERAL_NULL_CONVERSION = YES;
				CLANG_WARN_OBJC_LITERAL_CONVERSION = YES;
				CLANG_WARN_OBJC_ROOT_CLASS = YES_ERROR;
				CLANG_WARN_RANGE_LOOP_ANALYSIS = YES;
				CLANG_WARN_STRICT_PROTOTYPES = YES;
				CLANG_WARN_SUSPICIOUS_MOVE = YES;
				CLANG_WARN_UNGUARDED_AVAILABILITY = YES_AGGRESSIVE;
				CLANG_WARN_UNREACHABLE_CODE = YES;
				CLANG_WARN__DUPLICATE_METHOD_MATCH = YES;
				CODE_SIGN_IDENTITY = "iPhone Developer";
				COPY_PHASE_STRIP = NO;
				DEBUG_INFORMATION_FORMAT = "dwarf-with-dsym";
				ENABLE_NS_ASSERTIONS = NO;
				ENABLE_STRICT_OBJC_MSGSEND = YES;
				GCC_C_LANGUAGE_STANDARD = gnu11;
				GCC_NO_COMMON_BLOCKS = YES;
				GCC_WARN_64_TO_32_BIT_CONVERSION = YES;
				GCC_WARN_ABOUT_RETURN_TYPE = YES_ERROR;
				GCC_WARN_UNDECLARED_SELECTOR = YES;
				GCC_WARN_UNINITIALIZED_AUTOS = YES_AGGRESSIVE;
				GCC_WARN_UNUSED_FUNCTION = YES;
				GCC_WARN_UNUSED_VARIABLE = YES;
				IPHONEOS_DEPLOYMENT_TARGET = 11.2;
				MTL_ENABLE_DEBUG_INFO = NO;
				SDKROOT = iphoneos;
				SWIFT_OPTIMIZATION_LEVEL = "-Owholemodule";
				VALIDATE_PRODUCT = YES;
			};
			name = Release;
		};
		A126C9B02034A43600BBE225 /* Debug */ = {
			isa = XCBuildConfiguration;
			baseConfigurationReference = 38F774C642D51C01C7CD5B4E /* Pods-ToDoList.debug.xcconfig */;
			buildSettings = {
				ASSETCATALOG_COMPILER_APPICON_NAME = AppIcon;
				CODE_SIGN_STYLE = Automatic;
				DEVELOPMENT_TEAM = GH9XV2DUZP;
				INFOPLIST_FILE = "ToDoList/Support Files/Info.plist";
				LD_RUNPATH_SEARCH_PATHS = "$(inherited) @executable_path/Frameworks";
				PRODUCT_BUNDLE_IDENTIFIER = com.vinicius.ToDoList;
				PRODUCT_NAME = "$(TARGET_NAME)";
				SWIFT_VERSION = 4.0;
				TARGETED_DEVICE_FAMILY = "1,2";
			};
			name = Debug;
		};
		A126C9B12034A43600BBE225 /* Release */ = {
			isa = XCBuildConfiguration;
			baseConfigurationReference = 929B9365917FCB541648DDBA /* Pods-ToDoList.release.xcconfig */;
			buildSettings = {
				ASSETCATALOG_COMPILER_APPICON_NAME = AppIcon;
				CODE_SIGN_STYLE = Automatic;
				DEVELOPMENT_TEAM = GH9XV2DUZP;
				INFOPLIST_FILE = "ToDoList/Support Files/Info.plist";
				LD_RUNPATH_SEARCH_PATHS = "$(inherited) @executable_path/Frameworks";
				PRODUCT_BUNDLE_IDENTIFIER = com.vinicius.ToDoList;
				PRODUCT_NAME = "$(TARGET_NAME)";
				SWIFT_VERSION = 4.0;
				TARGETED_DEVICE_FAMILY = "1,2";
			};
			name = Release;
		};
/* End XCBuildConfiguration section */

/* Begin XCConfigurationList section */
		A126C9952034A43600BBE225 /* Build configuration list for PBXProject "ToDoList" */ = {
			isa = XCConfigurationList;
			buildConfigurations = (
				A126C9AD2034A43600BBE225 /* Debug */,
				A126C9AE2034A43600BBE225 /* Release */,
			);
			defaultConfigurationIsVisible = 0;
			defaultConfigurationName = Release;
		};
		A126C9AF2034A43600BBE225 /* Build configuration list for PBXNativeTarget "ToDoList" */ = {
			isa = XCConfigurationList;
			buildConfigurations = (
				A126C9B02034A43600BBE225 /* Debug */,
				A126C9B12034A43600BBE225 /* Release */,
			);
			defaultConfigurationIsVisible = 0;
			defaultConfigurationName = Release;
		};
/* End XCConfigurationList section */

/* Begin XCVersionGroup section */
		A126C9A42034A43600BBE225 /* ToDoList.xcdatamodeld */ = {
			isa = XCVersionGroup;
			children = (
				A126C9A52034A43600BBE225 /* ToDoList.xcdatamodel */,
			);
			currentVersion = A126C9A52034A43600BBE225 /* ToDoList.xcdatamodel */;
			path = ToDoList.xcdatamodeld;
			sourceTree = "<group>";
			versionGroupType = wrapper.xcdatamodel;
		};
/* End XCVersionGroup section */
	};
	rootObject = A126C9922034A43600BBE225 /* Project object */;
}
